
Microsoft Visual Studio Solution File, Format Version 12.00
# Visual Studio Version 17
VisualStudioVersion = 17.1.32210.238
MinimumVisualStudioVersion = 10.0.40219.1
Project("{FAE04EC0-301F-11D3-BF4B-00C04F79EFBC}") = "JWT_PracticalDemo", "JWT_PracticalDemo\JWT_PracticalDemo.csproj", "{4F5C0D42-1E16-4505-9594-CE083E08B631}"
EndProject
Global
	GlobalSection(SolutionConfigurationPlatforms) = preSolution
		Debug|Any CPU = Debug|Any CPU
		Release|Any CPU = Release|Any CPU
	EndGlobalSection
	GlobalSection(ProjectConfigurationPlatforms) = postSolution
		{4F5C0D42-1E16-4505-9594-CE083E08B631}.Debug|Any CPU.ActiveCfg = Debug|Any CPU
		{4F5C0D42-1E16-4505-9594-CE083E08B631}.Debug|Any CPU.Build.0 = Debug|Any CPU
		{4F5C0D42-1E16-4505-9594-CE083E08B631}.Release|Any CPU.ActiveCfg = Release|Any CPU
		{4F5C0D42-1E16-4505-9594-CE083E08B631}.Release|Any CPU.Build.0 = Release|Any CPU
	EndGlobalSection
	GlobalSection(SolutionProperties) = preSolution
		HideSolutionNode = FALSE
	EndGlobalSection
	GlobalSection(ExtensibilityGlobals) = postSolution
		SolutionGuid = {E40F8331-6FC7-40FA-AE4C-34DAEC04A0C2}
	EndGlobalSection
EndGlobal
